
Microsoft Visual Studio Solution File, Format Version 12.00
# Visual Studio Version 17
VisualStudioVersion = 17.1.32414.318
MinimumVisualStudioVersion = 10.0.40219.1
Project("{FAE04EC0-301F-11D3-BF4B-00C04F79EFBC}") = "EmployeePayrollService", "EmployeePayrollService\EmployeePayrollService.csproj", "{CFFE9619-B020-49CE-B928-A68E7A41E983}"
EndProject
Project("{FAE04EC0-301F-11D3-BF4B-00C04F79EFBC}") = "EmployeePayrollServiceTest", "EmployeePayrollServiceTest\EmployeePayrollServiceTest.csproj", "{A5B5ABB6-FD97-44F6-9D25-4A50F7306B98}"
EndProject
Global
	GlobalSection(SolutionConfigurationPlatforms) = preSolution
		Debug|Any CPU = Debug|Any CPU
		Release|Any CPU = Release|Any CPU
	EndGlobalSection
	GlobalSection(ProjectConfigurationPlatforms) = postSolution
		{CFFE9619-B020-49CE-B928-A68E7A41E983}.Debug|Any CPU.ActiveCfg = Debug|Any CPU
		{CFFE9619-B020-49CE-B928-A68E7A41E983}.Debug|Any CPU.Build.0 = Debug|Any CPU
		{CFFE9619-B020-49CE-B928-A68E7A41E983}.Release|Any CPU.ActiveCfg = Release|Any CPU
		{CFFE9619-B020-49CE-B928-A68E7A41E983}.Release|Any CPU.Build.0 = Release|Any CPU
		{A5B5ABB6-FD97-44F6-9D25-4A50F7306B98}.Debug|Any CPU.ActiveCfg = Debug|Any CPU
		{A5B5ABB6-FD97-44F6-9D25-4A50F7306B98}.Debug|Any CPU.Build.0 = Debug|Any CPU
		{A5B5ABB6-FD97-44F6-9D25-4A50F7306B98}.Release|Any CPU.ActiveCfg = Release|Any CPU
		{A5B5ABB6-FD97-44F6-9D25-4A50F7306B98}.Release|Any CPU.Build.0 = Release|Any CPU
	EndGlobalSection
	GlobalSection(SolutionProperties) = preSolution
		HideSolutionNode = FALSE
	EndGlobalSection
	GlobalSection(ExtensibilityGlobals) = postSolution
		SolutionGuid = {6817F3BD-0003-4D5C-BB26-FE236FD88211}
	EndGlobalSection
EndGlobal
